// !$*UTF8*$!
{
	archiveVersion = 1;
	classes = {
	};
	objectVersion = 56;
	objects = {

/* Begin PBXBuildFile section */
		6043B68A2D3AD1E100225DDB /* ios_metal_benchmarkerApp.swift in Sources */ = {isa = PBXBuildFile; fileRef = 6043B6892D3AD1E100225DDB /* ios_metal_benchmarkerApp.swift */; };
		6043B68C2D3AD1E100225DDB /* ContentView.swift in Sources */ = {isa = PBXBuildFile; fileRef = 6043B68B2D3AD1E100225DDB /* ContentView.swift */; };
		6043B68E2D3AD1E200225DDB /* Assets.xcassets in Resources */ = {isa = PBXBuildFile; fileRef = 6043B68D2D3AD1E200225DDB /* Assets.xcassets */; };
		6043B6912D3AD1E200225DDB /* Preview Assets.xcassets in Resources */ = {isa = PBXBuildFile; fileRef = 6043B6902D3AD1E200225DDB /* Preview Assets.xcassets */; };
		6043B69A2D3AD21E00225DDB /* GPUMsmCore.swift in Sources */ = {isa = PBXBuildFile; fileRef = 6043B6972D3AD21E00225DDB /* GPUMsmCore.swift */; };
		6043B69B2D3AD21E00225DDB /* GPUMsmCore.xcframework in Frameworks */ = {isa = PBXBuildFile; fileRef = 6043B6982D3AD21E00225DDB /* GPUMsmCore.xcframework */; };
/* End PBXBuildFile section */

/* Begin PBXFileReference section */
		6043B6862D3AD1E100225DDB /* ios-metal-benchmarker.app */ = {isa = PBXFileReference; explicitFileType = wrapper.application; includeInIndex = 0; path = "ios-metal-benchmarker.app"; sourceTree = BUILT_PRODUCTS_DIR; };
		6043B6892D3AD1E100225DDB /* ios_metal_benchmarkerApp.swift */ = {isa = PBXFileReference; lastKnownFileType = sourcecode.swift; path = ios_metal_benchmarkerApp.swift; sourceTree = "<group>"; };
		6043B68B2D3AD1E100225DDB /* ContentView.swift */ = {isa = PBXFileReference; lastKnownFileType = sourcecode.swift; path = ContentView.swift; sourceTree = "<group>"; };
		6043B68D2D3AD1E200225DDB /* Assets.xcassets */ = {isa = PBXFileReference; lastKnownFileType = folder.assetcatalog; path = Assets.xcassets; sourceTree = "<group>"; };
		6043B6902D3AD1E200225DDB /* Preview Assets.xcassets */ = {isa = PBXFileReference; lastKnownFileType = folder.assetcatalog; path = "Preview Assets.xcassets"; sourceTree = "<group>"; };
		6043B6972D3AD21E00225DDB /* GPUMsmCore.swift */ = {isa = PBXFileReference; fileEncoding = 4; lastKnownFileType = sourcecode.swift; path = GPUMsmCore.swift; sourceTree = "<group>"; };
		6043B6982D3AD21E00225DDB /* GPUMsmCore.xcframework */ = {isa = PBXFileReference; lastKnownFileType = wrapper.xcframework; path = GPUMsmCore.xcframework; sourceTree = "<group>"; };
/* End PBXFileReference section */

/* Begin PBXFrameworksBuildPhase section */
		6043B6832D3AD1E100225DDB /* Frameworks */ = {
			isa = PBXFrameworksBuildPhase;
			buildActionMask = 2147483647;
			files = (
				6043B69B2D3AD21E00225DDB /* GPUMsmCore.xcframework in Frameworks */,
			);
			runOnlyForDeploymentPostprocessing = 0;
		};
/* End PBXFrameworksBuildPhase section */

/* Begin PBXGroup section */
		6043B67D2D3AD1E100225DDB = {
			isa = PBXGroup;
			children = (
				6043B6992D3AD21E00225DDB /* GPUMsmCoreBindings */,
				6043B6882D3AD1E100225DDB /* ios-metal-benchmarker */,
				6043B6872D3AD1E100225DDB /* Products */,
			);
			sourceTree = "<group>";
		};
		6043B6872D3AD1E100225DDB /* Products */ = {
			isa = PBXGroup;
			children = (
				6043B6862D3AD1E100225DDB /* ios-metal-benchmarker.app */,
			);
			name = Products;
			sourceTree = "<group>";
		};
		6043B6882D3AD1E100225DDB /* ios-metal-benchmarker */ = {
			isa = PBXGroup;
			children = (
				6043B6892D3AD1E100225DDB /* ios_metal_benchmarkerApp.swift */,
				6043B68B2D3AD1E100225DDB /* ContentView.swift */,
				6043B68D2D3AD1E200225DDB /* Assets.xcassets */,
				6043B68F2D3AD1E200225DDB /* Preview Content */,
			);
			path = "ios-metal-benchmarker";
			sourceTree = "<group>";
		};
		6043B68F2D3AD1E200225DDB /* Preview Content */ = {
			isa = PBXGroup;
			children = (
				6043B6902D3AD1E200225DDB /* Preview Assets.xcassets */,
			);
			path = "Preview Content";
			sourceTree = "<group>";
		};
		6043B6992D3AD21E00225DDB /* GPUMsmCoreBindings */ = {
			isa = PBXGroup;
			children = (
				6043B6972D3AD21E00225DDB /* GPUMsmCore.swift */,
				6043B6982D3AD21E00225DDB /* GPUMsmCore.xcframework */,
			);
			name = GPUMsmCoreBindings;
			path = ../GPUMsmCoreBindings;
			sourceTree = "<group>";
		};
/* End PBXGroup section */

/* Begin PBXNativeTarget section */
		6043B6852D3AD1E100225DDB /* ios-metal-benchmarker */ = {
			isa = PBXNativeTarget;
			buildConfigurationList = 6043B6942D3AD1E200225DDB /* Build configuration list for PBXNativeTarget "ios-metal-benchmarker" */;
			buildPhases = (
				6043B6822D3AD1E100225DDB /* Sources */,
				6043B6832D3AD1E100225DDB /* Frameworks */,
				6043B6842D3AD1E100225DDB /* Resources */,
			);
			buildRules = (
			);
			dependencies = (
			);
			name = "ios-metal-benchmarker";
			productName = "ios-metal-benchmarker";
			productReference = 6043B6862D3AD1E100225DDB /* ios-metal-benchmarker.app */;
			productType = "com.apple.product-type.application";
		};
/* End PBXNativeTarget section */

/* Begin PBXProject section */
		6043B67E2D3AD1E100225DDB /* Project object */ = {
			isa = PBXProject;
			attributes = {
				BuildIndependentTargetsInParallel = 1;
				LastSwiftUpdateCheck = 1540;
				LastUpgradeCheck = 1540;
				TargetAttributes = {
					6043B6852D3AD1E100225DDB = {
						CreatedOnToolsVersion = 15.4;
					};
				};
			};
			buildConfigurationList = 6043B6812D3AD1E100225DDB /* Build configuration list for PBXProject "ios-metal-benchmarker" */;
			compatibilityVersion = "Xcode 14.0";
			developmentRegion = en;
			hasScannedForEncodings = 0;
			knownRegions = (
				en,
				Base,
			);
			mainGroup = 6043B67D2D3AD1E100225DDB;
			productRefGroup = 6043B6872D3AD1E100225DDB /* Products */;
			projectDirPath = "";
			projectRoot = "";
			targets = (
				6043B6852D3AD1E100225DDB /* ios-metal-benchmarker */,
			);
		};
/* End PBXProject section */

/* Begin PBXResourcesBuildPhase section */
		6043B6842D3AD1E100225DDB /* Resources */ = {
			isa = PBXResourcesBuildPhase;
			buildActionMask = 2147483647;
			files = (
				6043B6912D3AD1E200225DDB /* Preview Assets.xcassets in Resources */,
				6043B68E2D3AD1E200225DDB /* Assets.xcassets in Resources */,
			);
			runOnlyForDeploymentPostprocessing = 0;
		};
/* End PBXResourcesBuildPhase section */

/* Begin PBXSourcesBuildPhase section */
		6043B6822D3AD1E100225DDB /* Sources */ = {
			isa = PBXSourcesBuildPhase;
			buildActionMask = 2147483647;
			files = (
				6043B69A2D3AD21E00225DDB /* GPUMsmCore.swift in Sources */,
				6043B68C2D3AD1E100225DDB /* ContentView.swift in Sources */,
				6043B68A2D3AD1E100225DDB /* ios_metal_benchmarkerApp.swift in Sources */,
			);
			runOnlyForDeploymentPostprocessing = 0;
		};
/* End PBXSourcesBuildPhase section */

/* Begin XCBuildConfiguration section */
		6043B6922D3AD1E200225DDB /* Debug */ = {
			isa = XCBuildConfiguration;
			buildSettings = {
				ALWAYS_SEARCH_USER_PATHS = NO;
				ASSETCATALOG_COMPILER_GENERATE_SWIFT_ASSET_SYMBOL_EXTENSIONS = YES;
				CLANG_ANALYZER_NONNULL = YES;
				CLANG_ANALYZER_NUMBER_OBJECT_CONVERSION = YES_AGGRESSIVE;
				CLANG_CXX_LANGUAGE_STANDARD = "gnu++20";
				CLANG_ENABLE_MODULES = YES;
				CLANG_ENABLE_OBJC_ARC = YES;
				CLANG_ENABLE_OBJC_WEAK = YES;
				CLANG_WARN_BLOCK_CAPTURE_AUTORELEASING = YES;
				CLANG_WARN_BOOL_CONVERSION = YES;
				CLANG_WARN_COMMA = YES;
				CLANG_WARN_CONSTANT_CONVERSION = YES;
				CLANG_WARN_DEPRECATED_OBJC_IMPLEMENTATIONS = YES;
				CLANG_WARN_DIRECT_OBJC_ISA_USAGE = YES_ERROR;
				CLANG_WARN_DOCUMENTATION_COMMENTS = YES;
				CLANG_WARN_EMPTY_BODY = YES;
				CLANG_WARN_ENUM_CONVERSION = YES;
				CLANG_WARN_INFINITE_RECURSION = YES;
				CLANG_WARN_INT_CONVERSION = YES;
				CLANG_WARN_NON_LITERAL_NULL_CONVERSION = YES;
				CLANG_WARN_OBJC_IMPLICIT_RETAIN_SELF = YES;
				CLANG_WARN_OBJC_LITERAL_CONVERSION = YES;
				CLANG_WARN_OBJC_ROOT_CLASS = YES_ERROR;
				CLANG_WARN_QUOTED_INCLUDE_IN_FRAMEWORK_HEADER = YES;
				CLANG_WARN_RANGE_LOOP_ANALYSIS = YES;
				CLANG_WARN_STRICT_PROTOTYPES = YES;
				CLANG_WARN_SUSPICIOUS_MOVE = YES;
				CLANG_WARN_UNGUARDED_AVAILABILITY = YES_AGGRESSIVE;
				CLANG_WARN_UNREACHABLE_CODE = YES;
				CLANG_WARN__DUPLICATE_METHOD_MATCH = YES;
				COPY_PHASE_STRIP = NO;
				DEBUG_INFORMATION_FORMAT = dwarf;
				ENABLE_STRICT_OBJC_MSGSEND = YES;
				ENABLE_TESTABILITY = YES;
				ENABLE_USER_SCRIPT_SANDBOXING = YES;
				GCC_C_LANGUAGE_STANDARD = gnu17;
				GCC_DYNAMIC_NO_PIC = NO;
				GCC_NO_COMMON_BLOCKS = YES;
				GCC_OPTIMIZATION_LEVEL = 0;
				GCC_PREPROCESSOR_DEFINITIONS = (
					"DEBUG=1",
					"$(inherited)",
				);
				GCC_WARN_64_TO_32_BIT_CONVERSION = YES;
				GCC_WARN_ABOUT_RETURN_TYPE = YES_ERROR;
				GCC_WARN_UNDECLARED_SELECTOR = YES;
				GCC_WARN_UNINITIALIZED_AUTOS = YES_AGGRESSIVE;
				GCC_WARN_UNUSED_FUNCTION = YES;
				GCC_WARN_UNUSED_VARIABLE = YES;
				IPHONEOS_DEPLOYMENT_TARGET = 17.5;
				LOCALIZATION_PREFERS_STRING_CATALOGS = YES;
				MTL_ENABLE_DEBUG_INFO = INCLUDE_SOURCE;
				MTL_FAST_MATH = YES;
				ONLY_ACTIVE_ARCH = YES;
				SDKROOT = iphoneos;
				SWIFT_ACTIVE_COMPILATION_CONDITIONS = "DEBUG $(inherited)";
				SWIFT_OPTIMIZATION_LEVEL = "-Onone";
			};
			name = Debug;
		};
		6043B6932D3AD1E200225DDB /* Release */ = {
			isa = XCBuildConfiguration;
			buildSettings = {
				ALWAYS_SEARCH_USER_PATHS = NO;
				ASSETCATALOG_COMPILER_GENERATE_SWIFT_ASSET_SYMBOL_EXTENSIONS = YES;
				CLANG_ANALYZER_NONNULL = YES;
				CLANG_ANALYZER_NUMBER_OBJECT_CONVERSION = YES_AGGRESSIVE;
				CLANG_CXX_LANGUAGE_STANDARD = "gnu++20";
				CLANG_ENABLE_MODULES = YES;
				CLANG_ENABLE_OBJC_ARC = YES;
				CLANG_ENABLE_OBJC_WEAK = YES;
				CLANG_WARN_BLOCK_CAPTURE_AUTORELEASING = YES;
				CLANG_WARN_BOOL_CONVERSION = YES;
				CLANG_WARN_COMMA = YES;
				CLANG_WARN_CONSTANT_CONVERSION = YES;
				CLANG_WARN_DEPRECATED_OBJC_IMPLEMENTATIONS = YES;
				CLANG_WARN_DIRECT_OBJC_ISA_USAGE = YES_ERROR;
				CLANG_WARN_DOCUMENTATION_COMMENTS = YES;
				CLANG_WARN_EMPTY_BODY = YES;
				CLANG_WARN_ENUM_CONVERSION = YES;
				CLANG_WARN_INFINITE_RECURSION = YES;
				CLANG_WARN_INT_CONVERSION = YES;
				CLANG_WARN_NON_LITERAL_NULL_CONVERSION = YES;
				CLANG_WARN_OBJC_IMPLICIT_RETAIN_SELF = YES;
				CLANG_WARN_OBJC_LITERAL_CONVERSION = YES;
				CLANG_WARN_OBJC_ROOT_CLASS = YES_ERROR;
				CLANG_WARN_QUOTED_INCLUDE_IN_FRAMEWORK_HEADER = YES;
				CLANG_WARN_RANGE_LOOP_ANALYSIS = YES;
				CLANG_WARN_STRICT_PROTOTYPES = YES;
				CLANG_WARN_SUSPICIOUS_MOVE = YES;
				CLANG_WARN_UNGUARDED_AVAILABILITY = YES_AGGRESSIVE;
				CLANG_WARN_UNREACHABLE_CODE = YES;
				CLANG_WARN__DUPLICATE_METHOD_MATCH = YES;
				COPY_PHASE_STRIP = NO;
				DEBUG_INFORMATION_FORMAT = "dwarf-with-dsym";
				ENABLE_NS_ASSERTIONS = NO;
				ENABLE_STRICT_OBJC_MSGSEND = YES;
				ENABLE_USER_SCRIPT_SANDBOXING = YES;
				GCC_C_LANGUAGE_STANDARD = gnu17;
				GCC_NO_COMMON_BLOCKS = YES;
				GCC_WARN_64_TO_32_BIT_CONVERSION = YES;
				GCC_WARN_ABOUT_RETURN_TYPE = YES_ERROR;
				GCC_WARN_UNDECLARED_SELECTOR = YES;
				GCC_WARN_UNINITIALIZED_AUTOS = YES_AGGRESSIVE;
				GCC_WARN_UNUSED_FUNCTION = YES;
				GCC_WARN_UNUSED_VARIABLE = YES;
				IPHONEOS_DEPLOYMENT_TARGET = 17.5;
				LOCALIZATION_PREFERS_STRING_CATALOGS = YES;
				MTL_ENABLE_DEBUG_INFO = NO;
				MTL_FAST_MATH = YES;
				SDKROOT = iphoneos;
				SWIFT_COMPILATION_MODE = wholemodule;
				VALIDATE_PRODUCT = YES;
			};
			name = Release;
		};
		6043B6952D3AD1E200225DDB /* Debug */ = {
			isa = XCBuildConfiguration;
			buildSettings = {
				ASSETCATALOG_COMPILER_APPICON_NAME = AppIcon;
				ASSETCATALOG_COMPILER_GLOBAL_ACCENT_COLOR_NAME = AccentColor;
				CODE_SIGN_STYLE = Automatic;
				CURRENT_PROJECT_VERSION = 1;
				DEVELOPMENT_ASSET_PATHS = "\"ios-metal-benchmarker/Preview Content\"";
				DEVELOPMENT_TEAM = LMRM26A744;
				ENABLE_PREVIEWS = YES;
				GENERATE_INFOPLIST_FILE = YES;
				INFOPLIST_KEY_UIApplicationSceneManifest_Generation = YES;
				INFOPLIST_KEY_UIApplicationSupportsIndirectInputEvents = YES;
				INFOPLIST_KEY_UILaunchScreen_Generation = YES;
				INFOPLIST_KEY_UISupportedInterfaceOrientations_iPad = "UIInterfaceOrientationPortrait UIInterfaceOrientationPortraitUpsideDown UIInterfaceOrientationLandscapeLeft UIInterfaceOrientationLandscapeRight";
				INFOPLIST_KEY_UISupportedInterfaceOrientations_iPhone = "UIInterfaceOrientationPortrait UIInterfaceOrientationLandscapeLeft UIInterfaceOrientationLandscapeRight";
				LD_RUNPATH_SEARCH_PATHS = (
					"$(inherited)",
					"@executable_path/Frameworks",
				);
				MARKETING_VERSION = 1.0;
				PRODUCT_BUNDLE_IDENTIFIER = "xyz.ezkl.ios-metal-benchmarker";
				PRODUCT_NAME = "$(TARGET_NAME)";
				SWIFT_EMIT_LOC_STRINGS = YES;
				SWIFT_VERSION = 5.0;
				TARGETED_DEVICE_FAMILY = "1,2";
			};
			name = Debug;
		};
		6043B6962D3AD1E200225DDB /* Release */ = {
			isa = XCBuildConfiguration;
			buildSettings = {
				ASSETCATALOG_COMPILER_APPICON_NAME = AppIcon;
				ASSETCATALOG_COMPILER_GLOBAL_ACCENT_COLOR_NAME = AccentColor;
				CODE_SIGN_STYLE = Automatic;
				CURRENT_PROJECT_VERSION = 1;
				DEVELOPMENT_ASSET_PATHS = "\"ios-metal-benchmarker/Preview Content\"";
				DEVELOPMENT_TEAM = LMRM26A744;
				ENABLE_PREVIEWS = YES;
				GENERATE_INFOPLIST_FILE = YES;
				INFOPLIST_KEY_UIApplicationSceneManifest_Generation = YES;
				INFOPLIST_KEY_UIApplicationSupportsIndirectInputEvents = YES;
				INFOPLIST_KEY_UILaunchScreen_Generation = YES;
				INFOPLIST_KEY_UISupportedInterfaceOrientations_iPad = "UIInterfaceOrientationPortrait UIInterfaceOrientationPortraitUpsideDown UIInterfaceOrientationLandscapeLeft UIInterfaceOrientationLandscapeRight";
				INFOPLIST_KEY_UISupportedInterfaceOrientations_iPhone = "UIInterfaceOrientationPortrait UIInterfaceOrientationLandscapeLeft UIInterfaceOrientationLandscapeRight";
				LD_RUNPATH_SEARCH_PATHS = (
					"$(inherited)",
					"@executable_path/Frameworks",
				);
				MARKETING_VERSION = 1.0;
				PRODUCT_BUNDLE_IDENTIFIER = "xyz.ezkl.ios-metal-benchmarker";
				PRODUCT_NAME = "$(TARGET_NAME)";
				SWIFT_EMIT_LOC_STRINGS = YES;
				SWIFT_VERSION = 5.0;
				TARGETED_DEVICE_FAMILY = "1,2";
			};
			name = Release;
		};
/* End XCBuildConfiguration section */

/* Begin XCConfigurationList section */
		6043B6812D3AD1E100225DDB /* Build configuration list for PBXProject "ios-metal-benchmarker" */ = {
			isa = XCConfigurationList;
			buildConfigurations = (
				6043B6922D3AD1E200225DDB /* Debug */,
				6043B6932D3AD1E200225DDB /* Release */,
			);
			defaultConfigurationIsVisible = 0;
			defaultConfigurationName = Release;
		};
		6043B6942D3AD1E200225DDB /* Build configuration list for PBXNativeTarget "ios-metal-benchmarker" */ = {
			isa = XCConfigurationList;
			buildConfigurations = (
				6043B6952D3AD1E200225DDB /* Debug */,
				6043B6962D3AD1E200225DDB /* Release */,
			);
			defaultConfigurationIsVisible = 0;
			defaultConfigurationName = Release;
		};
/* End XCConfigurationList section */
	};
	rootObject = 6043B67E2D3AD1E100225DDB /* Project object */;
}
